
Microsoft Visual Studio Solution File, Format Version 12.00
# Visual Studio Version 16
VisualStudioVersion = 16.0.30225.117
MinimumVisualStudioVersion = 10.0.40219.1
Project("{FAE04EC0-301F-11D3-BF4B-00C04F79EFBC}") = "SampleNet", "SampleNet.csproj", "{98775739-03C4-4594-9238-DCAF05C73051}"
EndProject
Global
	GlobalSection(SolutionConfigurationPlatforms) = preSolution
		Debug|Any CPU = Debug|Any CPU
		Release|Any CPU = Release|Any CPU
	EndGlobalSection
	GlobalSection(ProjectConfigurationPlatforms) = postSolution
		{98775739-03C4-4594-9238-DCAF05C73051}.Debug|Any CPU.ActiveCfg = Debug|Any CPU
		{98775739-03C4-4594-9238-DCAF05C73051}.Debug|Any CPU.Build.0 = Debug|Any CPU
		{98775739-03C4-4594-9238-DCAF05C73051}.Release|Any CPU.ActiveCfg = Release|Any CPU
		{98775739-03C4-4594-9238-DCAF05C73051}.Release|Any CPU.Build.0 = Release|Any CPU
	EndGlobalSection
	GlobalSection(SolutionProperties) = preSolution
		HideSolutionNode = FALSE
	EndGlobalSection
	GlobalSection(ExtensibilityGlobals) = postSolution
		SolutionGuid = {FBD78B7B-FEC4-4162-BAD7-C708606FDFB9}
	EndGlobalSection
EndGlobal
